
Microsoft Visual Studio Solution File, Format Version 12.00
# Visual Studio Version 17
VisualStudioVersion = 17.11.35312.102
MinimumVisualStudioVersion = 10.0.40219.1
Project("{FAE04EC0-301F-11D3-BF4B-00C04F79EFBC}") = "Store System", "Store System\Store System.csproj", "{B520771F-6E6C-4273-A004-741028C8721C}"
EndProject
Global
	GlobalSection(SolutionConfigurationPlatforms) = preSolution
		Debug|Any CPU = Debug|Any CPU
		Release|Any CPU = Release|Any CPU
	EndGlobalSection
	GlobalSection(ProjectConfigurationPlatforms) = postSolution
		{B520771F-6E6C-4273-A004-741028C8721C}.Debug|Any CPU.ActiveCfg = Debug|Any CPU
		{B520771F-6E6C-4273-A004-741028C8721C}.Debug|Any CPU.Build.0 = Debug|Any CPU
		{B520771F-6E6C-4273-A004-741028C8721C}.Release|Any CPU.ActiveCfg = Release|Any CPU
		{B520771F-6E6C-4273-A004-741028C8721C}.Release|Any CPU.Build.0 = Release|Any CPU
	EndGlobalSection
	GlobalSection(SolutionProperties) = preSolution
		HideSolutionNode = FALSE
	EndGlobalSection
	GlobalSection(ExtensibilityGlobals) = postSolution
		SolutionGuid = {78962FEC-9E3D-4395-8D81-4F215395EFD2}
	EndGlobalSection
EndGlobal
